
Microsoft Visual Studio Solution File, Format Version 11.00
# Visual Studio 2010
Project("{FAE04EC0-301F-11D3-BF4B-00C04F79EFBC}") = "huffmanCompressor", "huffmanCompressor\huffmanCompressor.csproj", "{BFF41D84-1396-41AC-AB35-7A78CEED80A3}"
EndProject
Global
	GlobalSection(SolutionConfigurationPlatforms) = preSolution
		Debug|x86 = Debug|x86
		Release|x86 = Release|x86
	EndGlobalSection
	GlobalSection(ProjectConfigurationPlatforms) = postSolution
		{BFF41D84-1396-41AC-AB35-7A78CEED80A3}.Debug|x86.ActiveCfg = Debug|x86
		{BFF41D84-1396-41AC-AB35-7A78CEED80A3}.Debug|x86.Build.0 = Debug|x86
		{BFF41D84-1396-41AC-AB35-7A78CEED80A3}.Release|x86.ActiveCfg = Release|x86
		{BFF41D84-1396-41AC-AB35-7A78CEED80A3}.Release|x86.Build.0 = Release|x86
	EndGlobalSection
	GlobalSection(SolutionProperties) = preSolution
		HideSolutionNode = FALSE
	EndGlobalSection
EndGlobal
